
Microsoft Visual Studio Solution File, Format Version 12.00
# Visual Studio Version 16
VisualStudioVersion = 16.0.31205.134
MinimumVisualStudioVersion = 10.0.40219.1
Project("{FAE04EC0-301F-11D3-BF4B-00C04F79EFBC}") = "A-GUI", "A-GUI\A-GUI.csproj", "{0F274557-EA12-46B7-8517-EB261785CEC9}"
EndProject
Global
	GlobalSection(SolutionConfigurationPlatforms) = preSolution
		Debug|Any CPU = Debug|Any CPU
		Release|Any CPU = Release|Any CPU
	EndGlobalSection
	GlobalSection(ProjectConfigurationPlatforms) = postSolution
		{0F274557-EA12-46B7-8517-EB261785CEC9}.Debug|Any CPU.ActiveCfg = Debug|Any CPU
		{0F274557-EA12-46B7-8517-EB261785CEC9}.Debug|Any CPU.Build.0 = Debug|Any CPU
		{0F274557-EA12-46B7-8517-EB261785CEC9}.Release|Any CPU.ActiveCfg = Release|Any CPU
		{0F274557-EA12-46B7-8517-EB261785CEC9}.Release|Any CPU.Build.0 = Release|Any CPU
	EndGlobalSection
	GlobalSection(SolutionProperties) = preSolution
		HideSolutionNode = FALSE
	EndGlobalSection
	GlobalSection(ExtensibilityGlobals) = postSolution
		SolutionGuid = {2641564E-BFE6-4DB5-BA38-69C6C28BD9DC}
	EndGlobalSection
EndGlobal
